
Microsoft Visual Studio Solution File, Format Version 12.00
# Visual Studio 2013
VisualStudioVersion = 12.0.30723.0
MinimumVisualStudioVersion = 10.0.40219.1
Project("{FAE04EC0-301F-11D3-BF4B-00C04F79EFBC}") = "NancySelfHost", "NancySelfHost\NancySelfHost.csproj", "{4A5637C0-F8A0-43C1-9497-28C686A2FC71}"
EndProject
Project("{2150E333-8FDC-42A3-9474-1A3956D46DE8}") = ".nuget", ".nuget", "{D9B68497-EC96-4F68-A399-2A051B5140E7}"
	ProjectSection(SolutionItems) = preProject
		.nuget\NuGet.Config = .nuget\NuGet.Config
		.nuget\NuGet.exe = .nuget\NuGet.exe
		.nuget\NuGet.targets = .nuget\NuGet.targets
	EndProjectSection
EndProject
Project("{FAE04EC0-301F-11D3-BF4B-00C04F79EFBC}") = "FlightDataHandler", "FlightDataHandler\FlightDataHandler.csproj", "{5D2FA582-1620-4E67-B76B-BEC21305BCC7}"
EndProject
Project("{FAE04EC0-301F-11D3-BF4B-00C04F79EFBC}") = "FlightDataHandlerService", "FlightDataHandlerService\FlightDataHandlerService.csproj", "{45890E5B-0C07-4AAB-92AC-8D1A4C26DF0C}"
EndProject
Project("{FAE04EC0-301F-11D3-BF4B-00C04F79EFBC}") = "UnitTests", "UnitTests\UnitTests.csproj", "{BB959ED9-9FDD-43E2-9751-AEB9F5D90C2C}"
EndProject
Project("{FAE04EC0-301F-11D3-BF4B-00C04F79EFBC}") = "RaspberryIO", "RaspberryIO\RaspberryIO.csproj", "{FEE81CB1-4DF7-4782-9779-4BD727CE0FF9}"
EndProject
Project("{FAE04EC0-301F-11D3-BF4B-00C04F79EFBC}") = "RedisDataStorage", "RedisDataStorage\RedisDataStorage.csproj", "{9E1E6C2B-6AB8-459E-81FC-DC2D04337048}"
EndProject
Project("{2150E333-8FDC-42A3-9474-1A3956D46DE8}") = "Solution Items", "Solution Items", "{7A1D6FFA-4B1C-4655-8780-523812A2A493}"
	ProjectSection(SolutionItems) = preProject
		README.txt = README.txt
	EndProjectSection
EndProject
Global
	GlobalSection(SolutionConfigurationPlatforms) = preSolution
		Debug|Any CPU = Debug|Any CPU
		Release|Any CPU = Release|Any CPU
	EndGlobalSection
	GlobalSection(ProjectConfigurationPlatforms) = postSolution
		{4A5637C0-F8A0-43C1-9497-28C686A2FC71}.Debug|Any CPU.ActiveCfg = Debug|Any CPU
		{4A5637C0-F8A0-43C1-9497-28C686A2FC71}.Debug|Any CPU.Build.0 = Debug|Any CPU
		{4A5637C0-F8A0-43C1-9497-28C686A2FC71}.Release|Any CPU.ActiveCfg = Release|Any CPU
		{4A5637C0-F8A0-43C1-9497-28C686A2FC71}.Release|Any CPU.Build.0 = Release|Any CPU
		{5D2FA582-1620-4E67-B76B-BEC21305BCC7}.Debug|Any CPU.ActiveCfg = Debug|Any CPU
		{5D2FA582-1620-4E67-B76B-BEC21305BCC7}.Debug|Any CPU.Build.0 = Debug|Any CPU
		{5D2FA582-1620-4E67-B76B-BEC21305BCC7}.Release|Any CPU.ActiveCfg = Release|Any CPU
		{5D2FA582-1620-4E67-B76B-BEC21305BCC7}.Release|Any CPU.Build.0 = Release|Any CPU
		{45890E5B-0C07-4AAB-92AC-8D1A4C26DF0C}.Debug|Any CPU.ActiveCfg = Debug|Any CPU
		{45890E5B-0C07-4AAB-92AC-8D1A4C26DF0C}.Debug|Any CPU.Build.0 = Debug|Any CPU
		{45890E5B-0C07-4AAB-92AC-8D1A4C26DF0C}.Release|Any CPU.ActiveCfg = Release|Any CPU
		{45890E5B-0C07-4AAB-92AC-8D1A4C26DF0C}.Release|Any CPU.Build.0 = Release|Any CPU
		{BB959ED9-9FDD-43E2-9751-AEB9F5D90C2C}.Debug|Any CPU.ActiveCfg = Debug|Any CPU
		{BB959ED9-9FDD-43E2-9751-AEB9F5D90C2C}.Debug|Any CPU.Build.0 = Debug|Any CPU
		{BB959ED9-9FDD-43E2-9751-AEB9F5D90C2C}.Release|Any CPU.ActiveCfg = Release|Any CPU
		{BB959ED9-9FDD-43E2-9751-AEB9F5D90C2C}.Release|Any CPU.Build.0 = Release|Any CPU
		{FEE81CB1-4DF7-4782-9779-4BD727CE0FF9}.Debug|Any CPU.ActiveCfg = Debug|Any CPU
		{FEE81CB1-4DF7-4782-9779-4BD727CE0FF9}.Debug|Any CPU.Build.0 = Debug|Any CPU
		{FEE81CB1-4DF7-4782-9779-4BD727CE0FF9}.Release|Any CPU.ActiveCfg = Release|Any CPU
		{FEE81CB1-4DF7-4782-9779-4BD727CE0FF9}.Release|Any CPU.Build.0 = Release|Any CPU
		{9E1E6C2B-6AB8-459E-81FC-DC2D04337048}.Debug|Any CPU.ActiveCfg = Debug|Any CPU
		{9E1E6C2B-6AB8-459E-81FC-DC2D04337048}.Debug|Any CPU.Build.0 = Debug|Any CPU
		{9E1E6C2B-6AB8-459E-81FC-DC2D04337048}.Release|Any CPU.ActiveCfg = Release|Any CPU
		{9E1E6C2B-6AB8-459E-81FC-DC2D04337048}.Release|Any CPU.Build.0 = Release|Any CPU
	EndGlobalSection
	GlobalSection(SolutionProperties) = preSolution
		HideSolutionNode = FALSE
	EndGlobalSection
EndGlobal
